
Microsoft Visual Studio Solution File, Format Version 12.00
# Visual Studio Version 17
VisualStudioVersion = 17.4.33213.308
MinimumVisualStudioVersion = 10.0.40219.1
Project("{FAE04EC0-301F-11D3-BF4B-00C04F79EFBC}") = "WpfApp6", "WpfApp6\WpfApp6.csproj", "{B6F01C18-6D1D-4A87-86DF-E404013ED330}"
EndProject
Global
	GlobalSection(SolutionConfigurationPlatforms) = preSolution
		Debug|Any CPU = Debug|Any CPU
		Release|Any CPU = Release|Any CPU
	EndGlobalSection
	GlobalSection(ProjectConfigurationPlatforms) = postSolution
		{B6F01C18-6D1D-4A87-86DF-E404013ED330}.Debug|Any CPU.ActiveCfg = Debug|Any CPU
		{B6F01C18-6D1D-4A87-86DF-E404013ED330}.Debug|Any CPU.Build.0 = Debug|Any CPU
		{B6F01C18-6D1D-4A87-86DF-E404013ED330}.Release|Any CPU.ActiveCfg = Release|Any CPU
		{B6F01C18-6D1D-4A87-86DF-E404013ED330}.Release|Any CPU.Build.0 = Release|Any CPU
	EndGlobalSection
	GlobalSection(SolutionProperties) = preSolution
		HideSolutionNode = FALSE
	EndGlobalSection
	GlobalSection(ExtensibilityGlobals) = postSolution
		SolutionGuid = {65F81456-2606-402F-ADF0-AC40CE86D587}
	EndGlobalSection
EndGlobal
